// !$*UTF8*$!
{
	archiveVersion = 1;
	classes = {
	};
	objectVersion = 46;
	objects = {

/* Begin PBXBuildFile section */
		_LinkFileRef_SwiftRedis_via_SwiftRedisTestSuite /* libSwiftRedis.dylib in Frameworks */ = {isa = PBXBuildFile; fileRef = "_____Product_SwiftRedis" /* libSwiftRedis.dylib */; };
		__src_cc_ref_Sources/Commands.swift /* Commands.swift in Sources */ = {isa = PBXBuildFile; fileRef = __PBXFileRef_Sources/Commands.swift /* Commands.swift */; };
		__src_cc_ref_Sources/Connection.swift /* Connection.swift in Sources */ = {isa = PBXBuildFile; fileRef = __PBXFileRef_Sources/Connection.swift /* Connection.swift */; };
		__src_cc_ref_Sources/Error.swift /* Error.swift in Sources */ = {isa = PBXBuildFile; fileRef = __PBXFileRef_Sources/Error.swift /* Error.swift */; };
		__src_cc_ref_Sources/Redis.swift /* Redis.swift in Sources */ = {isa = PBXBuildFile; fileRef = __PBXFileRef_Sources/Redis.swift /* Redis.swift */; };
		__src_cc_ref_Sources/support.swift /* support.swift in Sources */ = {isa = PBXBuildFile; fileRef = __PBXFileRef_Sources/support.swift /* support.swift */; };
		__src_cc_ref_Tests/SwiftRedis/SwiftRedisCommandTests.swift /* SwiftRedisCommandTests.swift in Sources */ = {isa = PBXBuildFile; fileRef = __PBXFileRef_Tests/SwiftRedis/SwiftRedisCommandTests.swift /* SwiftRedisCommandTests.swift */; };
		__src_cc_ref_Tests/SwiftRedis/test_support.swift /* test_support.swift in Sources */ = {isa = PBXBuildFile; fileRef = __PBXFileRef_Tests/SwiftRedis/test_support.swift /* test_support.swift */; };
/* End PBXBuildFile section */

/* Begin PBXContainerItemProxy section */
		B637ED7F1CE2344B00B4184E /* PBXContainerItemProxy */ = {
			isa = PBXContainerItemProxy;
			containerPortal = __RootObject_ /* Project object */;
			proxyType = 1;
			remoteGlobalIDString = "______Target_SwiftRedis";
			remoteInfo = SwiftRedis;
		};
/* End PBXContainerItemProxy section */

/* Begin PBXFileReference section */
		__PBXFileRef_Package.swift /* Package.swift */ = {isa = PBXFileReference; lastKnownFileType = sourcecode.swift; name = Package.swift; path = ../Package.swift; sourceTree = "<group>"; };
		__PBXFileRef_Sources/Commands.swift /* Commands.swift */ = {isa = PBXFileReference; lastKnownFileType = sourcecode.swift; path = Commands.swift; sourceTree = "<group>"; };
		__PBXFileRef_Sources/Connection.swift /* Connection.swift */ = {isa = PBXFileReference; lastKnownFileType = sourcecode.swift; path = Connection.swift; sourceTree = "<group>"; };
		__PBXFileRef_Sources/Error.swift /* Error.swift */ = {isa = PBXFileReference; lastKnownFileType = sourcecode.swift; path = Error.swift; sourceTree = "<group>"; };
		__PBXFileRef_Sources/Redis.swift /* Redis.swift */ = {isa = PBXFileReference; lastKnownFileType = sourcecode.swift; path = Redis.swift; sourceTree = "<group>"; };
		__PBXFileRef_Sources/support.swift /* support.swift */ = {isa = PBXFileReference; lastKnownFileType = sourcecode.swift; path = support.swift; sourceTree = "<group>"; };
		__PBXFileRef_SwiftRedis.xcodeproj/Configs/Project.xcconfig /* Project.xcconfig */ = {isa = PBXFileReference; lastKnownFileType = text.xcconfig; name = Project.xcconfig; path = SwiftRedis.xcodeproj/Configs/Project.xcconfig; sourceTree = "<group>"; };
		__PBXFileRef_Tests/SwiftRedis/SwiftRedisCommandTests.swift /* SwiftRedisCommandTests.swift */ = {isa = PBXFileReference; lastKnownFileType = sourcecode.swift; path = SwiftRedisCommandTests.swift; sourceTree = "<group>"; };
		__PBXFileRef_Tests/SwiftRedis/test_support.swift /* test_support.swift */ = {isa = PBXFileReference; lastKnownFileType = sourcecode.swift; path = test_support.swift; sourceTree = "<group>"; };
		"_____Product_SwiftRedis" /* libSwiftRedis.dylib */ = {isa = PBXFileReference; explicitFileType = "compiled.mach-o.dylib"; path = libSwiftRedis.dylib; sourceTree = BUILT_PRODUCTS_DIR; };
		"_____Product_SwiftRedisTestSuite" /* SwiftRedisTestSuite.xctest */ = {isa = PBXFileReference; explicitFileType = wrapper.cfbundle; path = SwiftRedisTestSuite.xctest; sourceTree = BUILT_PRODUCTS_DIR; };
/* End PBXFileReference section */

/* Begin PBXFrameworksBuildPhase section */
		"___LinkPhase_SwiftRedis" /* Frameworks */ = {
			isa = PBXFrameworksBuildPhase;
			buildActionMask = 0;
			files = (
			);
			runOnlyForDeploymentPostprocessing = 0;
		};
		"___LinkPhase_SwiftRedisTestSuite" /* Frameworks */ = {
			isa = PBXFrameworksBuildPhase;
			buildActionMask = 0;
			files = (
				_LinkFileRef_SwiftRedis_via_SwiftRedisTestSuite /* libSwiftRedis.dylib in Frameworks */,
			);
			runOnlyForDeploymentPostprocessing = 0;
		};
/* End PBXFrameworksBuildPhase section */

/* Begin PBXGroup section */
		TestProducts_ /* Tests */ = {
			isa = PBXGroup;
			children = (
				"_____Product_SwiftRedisTestSuite" /* SwiftRedisTestSuite.xctest */,
			);
			name = Tests;
			sourceTree = "<group>";
		};
		"___RootGroup_" = {
			isa = PBXGroup;
			children = (
				__PBXFileRef_Package.swift /* Package.swift */,
				"_____Configs_" /* Configs */,
				"_____Sources_" /* Sources */,
				"_______Tests_" /* Tests */,
				"____Products_" /* Products */,
			);
			sourceTree = "<group>";
		};
		"____Products_" /* Products */ = {
			isa = PBXGroup;
			children = (
				TestProducts_ /* Tests */,
				"_____Product_SwiftRedis" /* libSwiftRedis.dylib */,
			);
			name = Products;
			sourceTree = "<group>";
		};
		"_____Configs_" /* Configs */ = {
			isa = PBXGroup;
			children = (
				__PBXFileRef_SwiftRedis.xcodeproj/Configs/Project.xcconfig /* Project.xcconfig */,
			);
			name = Configs;
			sourceTree = "<group>";
		};
		"_____Sources_" /* Sources */ = {
			isa = PBXGroup;
			children = (
				"_______Group_SwiftRedis" /* SwiftRedis */,
			);
			name = Sources;
			sourceTree = "<group>";
		};
		"_______Group_SwiftRedis" /* SwiftRedis */ = {
			isa = PBXGroup;
			children = (
				__PBXFileRef_Sources/Commands.swift /* Commands.swift */,
				__PBXFileRef_Sources/Connection.swift /* Connection.swift */,
				__PBXFileRef_Sources/Error.swift /* Error.swift */,
				__PBXFileRef_Sources/Redis.swift /* Redis.swift */,
				__PBXFileRef_Sources/support.swift /* support.swift */,
			);
			name = SwiftRedis;
			path = ../Sources;
			sourceTree = "<group>";
		};
		"_______Group_SwiftRedisTestSuite" /* SwiftRedisTestSuite */ = {
			isa = PBXGroup;
			children = (
				__PBXFileRef_Tests/SwiftRedis/SwiftRedisCommandTests.swift /* SwiftRedisCommandTests.swift */,
				__PBXFileRef_Tests/SwiftRedis/test_support.swift /* test_support.swift */,
			);
			name = SwiftRedisTestSuite;
			path = ../Tests/SwiftRedis;
			sourceTree = "<group>";
		};
		"_______Tests_" /* Tests */ = {
			isa = PBXGroup;
			children = (
				"_______Group_SwiftRedisTestSuite" /* SwiftRedisTestSuite */,
			);
			name = Tests;
			sourceTree = "<group>";
		};
/* End PBXGroup section */

/* Begin PBXNativeTarget section */
		"______Target_SwiftRedis" /* SwiftRedis */ = {
			isa = PBXNativeTarget;
			buildConfigurationList = "_______Confs_SwiftRedis" /* Build configuration list for PBXNativeTarget "SwiftRedis" */;
			buildPhases = (
				CompilePhase_SwiftRedis /* Sources */,
				"___LinkPhase_SwiftRedis" /* Frameworks */,
			);
			buildRules = (
			);
			dependencies = (
			);
			name = SwiftRedis;
			productName = SwiftRedis;
			productReference = "_____Product_SwiftRedis" /* libSwiftRedis.dylib */;
			productType = "com.apple.product-type.library.dynamic";
		};
		"______Target_SwiftRedisTestSuite" /* SwiftRedisTestSuite */ = {
			isa = PBXNativeTarget;
			buildConfigurationList = "_______Confs_SwiftRedisTestSuite" /* Build configuration list for PBXNativeTarget "SwiftRedisTestSuite" */;
			buildPhases = (
				CompilePhase_SwiftRedisTestSuite /* Sources */,
				"___LinkPhase_SwiftRedisTestSuite" /* Frameworks */,
			);
			buildRules = (
			);
			dependencies = (
				__Dependency_SwiftRedis /* PBXTargetDependency */,
			);
			name = SwiftRedisTestSuite;
			productName = SwiftRedisTestSuite;
			productReference = "_____Product_SwiftRedisTestSuite" /* SwiftRedisTestSuite.xctest */;
			productType = "com.apple.product-type.bundle.unit-test";
		};
/* End PBXNativeTarget section */

/* Begin PBXProject section */
		__RootObject_ /* Project object */ = {
			isa = PBXProject;
			attributes = {
				LastUpgradeCheck = 9999;
			};
			buildConfigurationList = "___RootConfs_" /* Build configuration list for PBXProject "SwiftRedis" */;
			compatibilityVersion = "Xcode 3.2";
			developmentRegion = English;
			hasScannedForEncodings = 0;
			knownRegions = (
				en,
			);
			mainGroup = "___RootGroup_";
			productRefGroup = "____Products_" /* Products */;
			projectDirPath = "";
			projectRoot = "";
			targets = (
				"______Target_SwiftRedis" /* SwiftRedis */,
				"______Target_SwiftRedisTestSuite" /* SwiftRedisTestSuite */,
			);
		};
/* End PBXProject section */

/* Begin PBXSourcesBuildPhase section */
		CompilePhase_SwiftRedis /* Sources */ = {
			isa = PBXSourcesBuildPhase;
			buildActionMask = 0;
			files = (
				__src_cc_ref_Sources/Commands.swift /* Commands.swift in Sources */,
				__src_cc_ref_Sources/Connection.swift /* Connection.swift in Sources */,
				__src_cc_ref_Sources/Error.swift /* Error.swift in Sources */,
				__src_cc_ref_Sources/Redis.swift /* Redis.swift in Sources */,
				__src_cc_ref_Sources/support.swift /* support.swift in Sources */,
			);
			runOnlyForDeploymentPostprocessing = 0;
		};
		CompilePhase_SwiftRedisTestSuite /* Sources */ = {
			isa = PBXSourcesBuildPhase;
			buildActionMask = 0;
			files = (
				__src_cc_ref_Tests/SwiftRedis/SwiftRedisCommandTests.swift /* SwiftRedisCommandTests.swift in Sources */,
				__src_cc_ref_Tests/SwiftRedis/test_support.swift /* test_support.swift in Sources */,
			);
			runOnlyForDeploymentPostprocessing = 0;
		};
/* End PBXSourcesBuildPhase section */

/* Begin PBXTargetDependency section */
		__Dependency_SwiftRedis /* PBXTargetDependency */ = {
			isa = PBXTargetDependency;
			target = "______Target_SwiftRedis" /* SwiftRedis */;
			targetProxy = B637ED7F1CE2344B00B4184E /* PBXContainerItemProxy */;
		};
/* End PBXTargetDependency section */

/* Begin XCBuildConfiguration section */
		_ReleaseConf_SwiftRedis /* Release */ = {
			isa = XCBuildConfiguration;
			buildSettings = {
				ENABLE_TESTABILITY = YES;
				HEADER_SEARCH_PATHS = (
					"/Users/yuki/Documents/program/oss/Slimane/swift-redis/Packages/CHiredis-0.1.0",
					"/Users/yuki/Documents/program/oss/Slimane/swift-redis/Packages/CLibUv-0.1.0",
				);
				LD_RUNPATH_SEARCH_PATHS = "$(TOOLCHAIN_DIR)/usr/lib/swift/macosx";
				OTHER_LDFLAGS = "$(inherited)";
				OTHER_SWIFT_FLAGS = "$(inherited)";
				PRODUCT_MODULE_NAME = "$(TARGET_NAME:c99extidentifier)";
				PRODUCT_NAME = "lib$(TARGET_NAME)";
			};
			name = Release;
		};
		_ReleaseConf_SwiftRedisTestSuite /* Release */ = {
			isa = XCBuildConfiguration;
			buildSettings = {
				EMBEDDED_CONTENT_CONTAINS_SWIFT = YES;
				HEADER_SEARCH_PATHS = (
					"/Users/yuki/Documents/program/oss/Slimane/swift-redis/Packages/CHiredis-0.1.0",
					"/Users/yuki/Documents/program/oss/Slimane/swift-redis/Packages/CLibUv-0.1.0",
				);
				LD_RUNPATH_SEARCH_PATHS = "@loader_path/../Frameworks";
				OTHER_LDFLAGS = "$(inherited)";
				OTHER_SWIFT_FLAGS = "$(inherited)";
			};
			name = Release;
		};
		"___DebugConf_SwiftRedis" /* Debug */ = {
			isa = XCBuildConfiguration;
			buildSettings = {
				ENABLE_TESTABILITY = YES;
				HEADER_SEARCH_PATHS = (
					"/Users/yuki/Documents/program/oss/Slimane/swift-redis/Packages/CHiredis-0.1.0",
					"/Users/yuki/Documents/program/oss/Slimane/swift-redis/Packages/CLibUv-0.1.0",
				);
				LD_RUNPATH_SEARCH_PATHS = "$(TOOLCHAIN_DIR)/usr/lib/swift/macosx";
				OTHER_LDFLAGS = "$(inherited)";
				OTHER_SWIFT_FLAGS = "$(inherited)";
				PRODUCT_MODULE_NAME = "$(TARGET_NAME:c99extidentifier)";
				PRODUCT_NAME = "lib$(TARGET_NAME)";
				SWIFT_OPTIMIZATION_LEVEL = "-Onone";
			};
			name = Debug;
		};
		"___DebugConf_SwiftRedisTestSuite" /* Debug */ = {
			isa = XCBuildConfiguration;
			buildSettings = {
				EMBEDDED_CONTENT_CONTAINS_SWIFT = YES;
				HEADER_SEARCH_PATHS = (
					"/Users/yuki/Documents/program/oss/Slimane/swift-redis/Packages/CHiredis-0.1.0",
					"/Users/yuki/Documents/program/oss/Slimane/swift-redis/Packages/CLibUv-0.1.0",
				);
				LD_RUNPATH_SEARCH_PATHS = "@loader_path/../Frameworks";
				OTHER_LDFLAGS = "$(inherited)";
				OTHER_SWIFT_FLAGS = "$(inherited)";
				SWIFT_OPTIMIZATION_LEVEL = "-Onone";
			};
			name = Debug;
		};
		"_____Release_" /* Release */ = {
			isa = XCBuildConfiguration;
			baseConfigurationReference = __PBXFileRef_SwiftRedis.xcodeproj/Configs/Project.xcconfig /* Project.xcconfig */;
			buildSettings = {
			};
			name = Release;
		};
		"_______Debug_" /* Debug */ = {
			isa = XCBuildConfiguration;
			baseConfigurationReference = __PBXFileRef_SwiftRedis.xcodeproj/Configs/Project.xcconfig /* Project.xcconfig */;
			buildSettings = {
			};
			name = Debug;
		};
/* End XCBuildConfiguration section */

/* Begin XCConfigurationList section */
		"___RootConfs_" /* Build configuration list for PBXProject "SwiftRedis" */ = {
			isa = XCConfigurationList;
			buildConfigurations = (
				"_______Debug_" /* Debug */,
				"_____Release_" /* Release */,
			);
			defaultConfigurationIsVisible = 0;
			defaultConfigurationName = Debug;
		};
		"_______Confs_SwiftRedis" /* Build configuration list for PBXNativeTarget "SwiftRedis" */ = {
			isa = XCConfigurationList;
			buildConfigurations = (
				"___DebugConf_SwiftRedis" /* Debug */,
				_ReleaseConf_SwiftRedis /* Release */,
			);
			defaultConfigurationIsVisible = 0;
			defaultConfigurationName = Debug;
		};
		"_______Confs_SwiftRedisTestSuite" /* Build configuration list for PBXNativeTarget "SwiftRedisTestSuite" */ = {
			isa = XCConfigurationList;
			buildConfigurations = (
				"___DebugConf_SwiftRedisTestSuite" /* Debug */,
				_ReleaseConf_SwiftRedisTestSuite /* Release */,
			);
			defaultConfigurationIsVisible = 0;
			defaultConfigurationName = Debug;
		};
/* End XCConfigurationList section */
	};
	rootObject = __RootObject_ /* Project object */;
}
